// !$*UTF8*$!
{
	archiveVersion = 1;
	classes = {
	};
	objectVersion = 50;
	objects = {

/* Begin PBXBuildFile section */
		2469E154C3C52D5F851A71EE /* libPods-KhataApp.a in Frameworks */ = {isa = PBXBuildFile; fileRef = 812372DDAB92EC14E894DD2E /* libPods-KhataApp.a */; };
		BACE88A6216667E9002640CE /* AppDelegate.swift in Sources */ = {isa = PBXBuildFile; fileRef = BACE88A5216667E9002640CE /* AppDelegate.swift */; };
		BACE88A8216667E9002640CE /* ViewController.swift in Sources */ = {isa = PBXBuildFile; fileRef = BACE88A7216667E9002640CE /* ViewController.swift */; };
		BACE88AB216667E9002640CE /* Main.storyboard in Resources */ = {isa = PBXBuildFile; fileRef = BACE88A9216667E9002640CE /* Main.storyboard */; };
		BACE88AD216667EA002640CE /* Assets.xcassets in Resources */ = {isa = PBXBuildFile; fileRef = BACE88AC216667EA002640CE /* Assets.xcassets */; };
		BACE88B0216667EA002640CE /* LaunchScreen.storyboard in Resources */ = {isa = PBXBuildFile; fileRef = BACE88AE216667EA002640CE /* LaunchScreen.storyboard */; };
/* End PBXBuildFile section */

/* Begin PBXFileReference section */
		274F9D02D2DEDD4942285D6B /* Pods-KhataApp.release.xcconfig */ = {isa = PBXFileReference; includeInIndex = 1; lastKnownFileType = text.xcconfig; name = "Pods-KhataApp.release.xcconfig"; path = "Pods/Target Support Files/Pods-KhataApp/Pods-KhataApp.release.xcconfig"; sourceTree = "<group>"; };
		812372DDAB92EC14E894DD2E /* libPods-KhataApp.a */ = {isa = PBXFileReference; explicitFileType = archive.ar; includeInIndex = 0; path = "libPods-KhataApp.a"; sourceTree = BUILT_PRODUCTS_DIR; };
		BACE88A2216667E9002640CE /* KhataApp.app */ = {isa = PBXFileReference; explicitFileType = wrapper.application; includeInIndex = 0; path = KhataApp.app; sourceTree = BUILT_PRODUCTS_DIR; };
		BACE88A5216667E9002640CE /* AppDelegate.swift */ = {isa = PBXFileReference; lastKnownFileType = sourcecode.swift; path = AppDelegate.swift; sourceTree = "<group>"; };
		BACE88A7216667E9002640CE /* ViewController.swift */ = {isa = PBXFileReference; lastKnownFileType = sourcecode.swift; path = ViewController.swift; sourceTree = "<group>"; };
		BACE88AA216667E9002640CE /* Base */ = {isa = PBXFileReference; lastKnownFileType = file.storyboard; name = Base; path = Base.lproj/Main.storyboard; sourceTree = "<group>"; };
		BACE88AC216667EA002640CE /* Assets.xcassets */ = {isa = PBXFileReference; lastKnownFileType = folder.assetcatalog; path = Assets.xcassets; sourceTree = "<group>"; };
		BACE88AF216667EA002640CE /* Base */ = {isa = PBXFileReference; lastKnownFileType = file.storyboard; name = Base; path = Base.lproj/LaunchScreen.storyboard; sourceTree = "<group>"; };
		BACE88B1216667EA002640CE /* Info.plist */ = {isa = PBXFileReference; lastKnownFileType = text.plist.xml; path = Info.plist; sourceTree = "<group>"; };
		ED68493EE6BC574384EB4BEC /* Pods-KhataApp.debug.xcconfig */ = {isa = PBXFileReference; includeInIndex = 1; lastKnownFileType = text.xcconfig; name = "Pods-KhataApp.debug.xcconfig"; path = "Pods/Target Support Files/Pods-KhataApp/Pods-KhataApp.debug.xcconfig"; sourceTree = "<group>"; };
/* End PBXFileReference section */

/* Begin PBXFrameworksBuildPhase section */
		BACE889F216667E9002640CE /* Frameworks */ = {
			isa = PBXFrameworksBuildPhase;
			buildActionMask = 2147483647;
			files = (
				2469E154C3C52D5F851A71EE /* libPods-KhataApp.a in Frameworks */,
			);
			runOnlyForDeploymentPostprocessing = 0;
		};
/* End PBXFrameworksBuildPhase section */

/* Begin PBXGroup section */
		7198B1478CCB65CE65C766C0 /* Pods */ = {
			isa = PBXGroup;
			children = (
				ED68493EE6BC574384EB4BEC /* Pods-KhataApp.debug.xcconfig */,
				274F9D02D2DEDD4942285D6B /* Pods-KhataApp.release.xcconfig */,
			);
			name = Pods;
			sourceTree = "<group>";
		};
		BACE8899216667E9002640CE = {
			isa = PBXGroup;
			children = (
				BACE88A4216667E9002640CE /* KhataApp */,
				BACE88A3216667E9002640CE /* Products */,
				7198B1478CCB65CE65C766C0 /* Pods */,
				FAD2C0B50B33BB68515676D2 /* Frameworks */,
			);
			sourceTree = "<group>";
		};
		BACE88A3216667E9002640CE /* Products */ = {
			isa = PBXGroup;
			children = (
				BACE88A2216667E9002640CE /* KhataApp.app */,
			);
			name = Products;
			sourceTree = "<group>";
		};
		BACE88A4216667E9002640CE /* KhataApp */ = {
			isa = PBXGroup;
			children = (
				BACE88A5216667E9002640CE /* AppDelegate.swift */,
				BACE88A7216667E9002640CE /* ViewController.swift */,
				BACE88A9216667E9002640CE /* Main.storyboard */,
				BACE88AC216667EA002640CE /* Assets.xcassets */,
				BACE88AE216667EA002640CE /* LaunchScreen.storyboard */,
				BACE88B1216667EA002640CE /* Info.plist */,
			);
			path = KhataApp;
			sourceTree = "<group>";
		};
		FAD2C0B50B33BB68515676D2 /* Frameworks */ = {
			isa = PBXGroup;
			children = (
				812372DDAB92EC14E894DD2E /* libPods-KhataApp.a */,
			);
			name = Frameworks;
			sourceTree = "<group>";
		};
/* End PBXGroup section */

/* Begin PBXNativeTarget section */
		BACE88A1216667E9002640CE /* KhataApp */ = {
			isa = PBXNativeTarget;
			buildConfigurationList = BACE88B4216667EA002640CE /* Build configuration list for PBXNativeTarget "KhataApp" */;
			buildPhases = (
				1C8F941203536D1D7EC20069 /* [CP] Check Pods Manifest.lock */,
				BACE889E216667E9002640CE /* Sources */,
				BACE889F216667E9002640CE /* Frameworks */,
				BACE88A0216667E9002640CE /* Resources */,
				B2D700A0BDB6D3164208767C /* [CP] Copy Pods Resources */,
			);
			buildRules = (
			);
			dependencies = (
			);
			name = KhataApp;
			productName = KhataApp;
			productReference = BACE88A2216667E9002640CE /* KhataApp.app */;
			productType = "com.apple.product-type.application";
		};
/* End PBXNativeTarget section */

/* Begin PBXProject section */
		BACE889A216667E9002640CE /* Project object */ = {
			isa = PBXProject;
			attributes = {
				LastSwiftUpdateCheck = 1000;
				LastUpgradeCheck = 1000;
				ORGANIZATIONNAME = "Sagar  Dhavare";
				TargetAttributes = {
					BACE88A1216667E9002640CE = {
						CreatedOnToolsVersion = 10.0;
					};
				};
			};
			buildConfigurationList = BACE889D216667E9002640CE /* Build configuration list for PBXProject "KhataApp" */;
			compatibilityVersion = "Xcode 9.3";
			developmentRegion = en;
			hasScannedForEncodings = 0;
			knownRegions = (
				en,
				Base,
			);
			mainGroup = BACE8899216667E9002640CE;
			productRefGroup = BACE88A3216667E9002640CE /* Products */;
			projectDirPath = "";
			projectRoot = "";
			targets = (
				BACE88A1216667E9002640CE /* KhataApp */,
			);
		};
/* End PBXProject section */

/* Begin PBXResourcesBuildPhase section */
		BACE88A0216667E9002640CE /* Resources */ = {
			isa = PBXResourcesBuildPhase;
			buildActionMask = 2147483647;
			files = (
				BACE88B0216667EA002640CE /* LaunchScreen.storyboard in Resources */,
				BACE88AD216667EA002640CE /* Assets.xcassets in Resources */,
				BACE88AB216667E9002640CE /* Main.storyboard in Resources */,
			);
			runOnlyForDeploymentPostprocessing = 0;
		};
/* End PBXResourcesBuildPhase section */

/* Begin PBXShellScriptBuildPhase section */
		1C8F941203536D1D7EC20069 /* [CP] Check Pods Manifest.lock */ = {
			isa = PBXShellScriptBuildPhase;
			buildActionMask = 2147483647;
			files = (
			);
			inputPaths = (
				"${PODS_PODFILE_DIR_PATH}/Podfile.lock",
				"${PODS_ROOT}/Manifest.lock",
			);
			name = "[CP] Check Pods Manifest.lock";
			outputPaths = (
				"$(DERIVED_FILE_DIR)/Pods-KhataApp-checkManifestLockResult.txt",
			);
			runOnlyForDeploymentPostprocessing = 0;
			shellPath = /bin/sh;
			shellScript = "diff \"${PODS_PODFILE_DIR_PATH}/Podfile.lock\" \"${PODS_ROOT}/Manifest.lock\" > /dev/null\nif [ $? != 0 ] ; then\n    # print error to STDERR\n    echo \"error: The sandbox is not in sync with the Podfile.lock. Run 'pod install' or update your CocoaPods installation.\" >&2\n    exit 1\nfi\n# This output is used by Xcode 'outputs' to avoid re-running this script phase.\necho \"SUCCESS\" > \"${SCRIPT_OUTPUT_FILE_0}\"\n";
			showEnvVarsInLog = 0;
		};
		B2D700A0BDB6D3164208767C /* [CP] Copy Pods Resources */ = {
			isa = PBXShellScriptBuildPhase;
			buildActionMask = 2147483647;
			files = (
			);
			inputPaths = (
				"${SRCROOT}/Pods/Target Support Files/Pods-KhataApp/Pods-KhataApp-resources.sh",
				"${PODS_ROOT}/../../KhataFrameworkDemo/KhataFrameworkDemo/khataapp.storyboard",
			);
			name = "[CP] Copy Pods Resources";
			outputPaths = (
				"${TARGET_BUILD_DIR}/${UNLOCALIZED_RESOURCES_FOLDER_PATH}/khataapp.storyboardc",
			);
			runOnlyForDeploymentPostprocessing = 0;
			shellPath = /bin/sh;
			shellScript = "\"${SRCROOT}/Pods/Target Support Files/Pods-KhataApp/Pods-KhataApp-resources.sh\"\n";
			showEnvVarsInLog = 0;
		};
/* End PBXShellScriptBuildPhase section */

/* Begin PBXSourcesBuildPhase section */
		BACE889E216667E9002640CE /* Sources */ = {
			isa = PBXSourcesBuildPhase;
			buildActionMask = 2147483647;
			files = (
				BACE88A8216667E9002640CE /* ViewController.swift in Sources */,
				BACE88A6216667E9002640CE /* AppDelegate.swift in Sources */,
			);
			runOnlyForDeploymentPostprocessing = 0;
		};
/* End PBXSourcesBuildPhase section */

/* Begin PBXVariantGroup section */
		BACE88A9216667E9002640CE /* Main.storyboard */ = {
			isa = PBXVariantGroup;
			children = (
				BACE88AA216667E9002640CE /* Base */,
			);
			name = Main.storyboard;
			sourceTree = "<group>";
		};
		BACE88AE216667EA002640CE /* LaunchScreen.storyboard */ = {
			isa = PBXVariantGroup;
			children = (
				BACE88AF216667EA002640CE /* Base */,
			);
			name = LaunchScreen.storyboard;
			sourceTree = "<group>";
		};
/* End PBXVariantGroup section */

/* Begin XCBuildConfiguration section */
		BACE88B2216667EA002640CE /* Debug */ = {
			isa = XCBuildConfiguration;
			buildSettings = {
				ALWAYS_SEARCH_USER_PATHS = NO;
				CLANG_ANALYZER_NONNULL = YES;
				CLANG_ANALYZER_NUMBER_OBJECT_CONVERSION = YES_AGGRESSIVE;
				CLANG_CXX_LANGUAGE_STANDARD = "gnu++14";
				CLANG_CXX_LIBRARY = "libc++";
				CLANG_ENABLE_MODULES = YES;
				CLANG_ENABLE_OBJC_ARC = YES;
				CLANG_ENABLE_OBJC_WEAK = YES;
				CLANG_WARN_BLOCK_CAPTURE_AUTORELEASING = YES;
				CLANG_WARN_BOOL_CONVERSION = YES;
				CLANG_WARN_COMMA = YES;
				CLANG_WARN_CONSTANT_CONVERSION = YES;
				CLANG_WARN_DEPRECATED_OBJC_IMPLEMENTATIONS = YES;
				CLANG_WARN_DIRECT_OBJC_ISA_USAGE = YES_ERROR;
				CLANG_WARN_DOCUMENTATION_COMMENTS = YES;
				CLANG_WARN_EMPTY_BODY = YES;
				CLANG_WARN_ENUM_CONVERSION = YES;
				CLANG_WARN_INFINITE_RECURSION = YES;
				CLANG_WARN_INT_CONVERSION = YES;
				CLANG_WARN_NON_LITERAL_NULL_CONVERSION = YES;
				CLANG_WARN_OBJC_IMPLICIT_RETAIN_SELF = YES;
				CLANG_WARN_OBJC_LITERAL_CONVERSION = YES;
				CLANG_WARN_OBJC_ROOT_CLASS = YES_ERROR;
				CLANG_WARN_RANGE_LOOP_ANALYSIS = YES;
				CLANG_WARN_STRICT_PROTOTYPES = YES;
				CLANG_WARN_SUSPICIOUS_MOVE = YES;
				CLANG_WARN_UNGUARDED_AVAILABILITY = YES_AGGRESSIVE;
				CLANG_WARN_UNREACHABLE_CODE = YES;
				CLANG_WARN__DUPLICATE_METHOD_MATCH = YES;
				CODE_SIGN_IDENTITY = "iPhone Developer";
				COPY_PHASE_STRIP = NO;
				DEBUG_INFORMATION_FORMAT = dwarf;
				ENABLE_STRICT_OBJC_MSGSEND = YES;
				ENABLE_TESTABILITY = YES;
				GCC_C_LANGUAGE_STANDARD = gnu11;
				GCC_DYNAMIC_NO_PIC = NO;
				GCC_NO_COMMON_BLOCKS = YES;
				GCC_OPTIMIZATION_LEVEL = 0;
				GCC_PREPROCESSOR_DEFINITIONS = (
					"DEBUG=1",
					"$(inherited)",
				);
				GCC_WARN_64_TO_32_BIT_CONVERSION = YES;
				GCC_WARN_ABOUT_RETURN_TYPE = YES_ERROR;
				GCC_WARN_UNDECLARED_SELECTOR = YES;
				GCC_WARN_UNINITIALIZED_AUTOS = YES_AGGRESSIVE;
				GCC_WARN_UNUSED_FUNCTION = YES;
				GCC_WARN_UNUSED_VARIABLE = YES;
				IPHONEOS_DEPLOYMENT_TARGET = 12.0;
				MTL_ENABLE_DEBUG_INFO = INCLUDE_SOURCE;
				MTL_FAST_MATH = YES;
				ONLY_ACTIVE_ARCH = YES;
				SDKROOT = iphoneos;
				SWIFT_ACTIVE_COMPILATION_CONDITIONS = DEBUG;
				SWIFT_OPTIMIZATION_LEVEL = "-Onone";
			};
			name = Debug;
		};
		BACE88B3216667EA002640CE /* Release */ = {
			isa = XCBuildConfiguration;
			buildSettings = {
				ALWAYS_SEARCH_USER_PATHS = NO;
				CLANG_ANALYZER_NONNULL = YES;
				CLANG_ANALYZER_NUMBER_OBJECT_CONVERSION = YES_AGGRESSIVE;
				CLANG_CXX_LANGUAGE_STANDARD = "gnu++14";
				CLANG_CXX_LIBRARY = "libc++";
				CLANG_ENABLE_MODULES = YES;
				CLANG_ENABLE_OBJC_ARC = YES;
				CLANG_ENABLE_OBJC_WEAK = YES;
				CLANG_WARN_BLOCK_CAPTURE_AUTORELEASING = YES;
				CLANG_WARN_BOOL_CONVERSION = YES;
				CLANG_WARN_COMMA = YES;
				CLANG_WARN_CONSTANT_CONVERSION = YES;
				CLANG_WARN_DEPRECATED_OBJC_IMPLEMENTATIONS = YES;
				CLANG_WARN_DIRECT_OBJC_ISA_USAGE = YES_ERROR;
				CLANG_WARN_DOCUMENTATION_COMMENTS = YES;
				CLANG_WARN_EMPTY_BODY = YES;
				CLANG_WARN_ENUM_CONVERSION = YES;
				CLANG_WARN_INFINITE_RECURSION = YES;
				CLANG_WARN_INT_CONVERSION = YES;
				CLANG_WARN_NON_LITERAL_NULL_CONVERSION = YES;
				CLANG_WARN_OBJC_IMPLICIT_RETAIN_SELF = YES;
				CLANG_WARN_OBJC_LITERAL_CONVERSION = YES;
				CLANG_WARN_OBJC_ROOT_CLASS = YES_ERROR;
				CLANG_WARN_RANGE_LOOP_ANALYSIS = YES;
				CLANG_WARN_STRICT_PROTOTYPES = YES;
				CLANG_WARN_SUSPICIOUS_MOVE = YES;
				CLANG_WARN_UNGUARDED_AVAILABILITY = YES_AGGRESSIVE;
				CLANG_WARN_UNREACHABLE_CODE = YES;
				CLANG_WARN__DUPLICATE_METHOD_MATCH = YES;
				CODE_SIGN_IDENTITY = "iPhone Developer";
				COPY_PHASE_STRIP = NO;
				DEBUG_INFORMATION_FORMAT = "dwarf-with-dsym";
				ENABLE_NS_ASSERTIONS = NO;
				ENABLE_STRICT_OBJC_MSGSEND = YES;
				GCC_C_LANGUAGE_STANDARD = gnu11;
				GCC_NO_COMMON_BLOCKS = YES;
				GCC_WARN_64_TO_32_BIT_CONVERSION = YES;
				GCC_WARN_ABOUT_RETURN_TYPE = YES_ERROR;
				GCC_WARN_UNDECLARED_SELECTOR = YES;
				GCC_WARN_UNINITIALIZED_AUTOS = YES_AGGRESSIVE;
				GCC_WARN_UNUSED_FUNCTION = YES;
				GCC_WARN_UNUSED_VARIABLE = YES;
				IPHONEOS_DEPLOYMENT_TARGET = 12.0;
				MTL_ENABLE_DEBUG_INFO = NO;
				MTL_FAST_MATH = YES;
				SDKROOT = iphoneos;
				SWIFT_COMPILATION_MODE = wholemodule;
				SWIFT_OPTIMIZATION_LEVEL = "-O";
				VALIDATE_PRODUCT = YES;
			};
			name = Release;
		};
		BACE88B5216667EA002640CE /* Debug */ = {
			isa = XCBuildConfiguration;
			baseConfigurationReference = ED68493EE6BC574384EB4BEC /* Pods-KhataApp.debug.xcconfig */;
			buildSettings = {
				ASSETCATALOG_COMPILER_APPICON_NAME = AppIcon;
				CODE_SIGN_STYLE = Automatic;
				DEVELOPMENT_TEAM = PJ73UNUK64;
				INFOPLIST_FILE = KhataApp/Info.plist;
				LD_RUNPATH_SEARCH_PATHS = "$(inherited) @executable_path/Frameworks";
				PRODUCT_BUNDLE_IDENTIFIER = com.anc.KhataApp;
				PRODUCT_NAME = "$(TARGET_NAME)";
				SWIFT_VERSION = 4.2;
				TARGETED_DEVICE_FAMILY = "1,2";
			};
			name = Debug;
		};
		BACE88B6216667EA002640CE /* Release */ = {
			isa = XCBuildConfiguration;
			baseConfigurationReference = 274F9D02D2DEDD4942285D6B /* Pods-KhataApp.release.xcconfig */;
			buildSettings = {
				ASSETCATALOG_COMPILER_APPICON_NAME = AppIcon;
				CODE_SIGN_STYLE = Automatic;
				DEVELOPMENT_TEAM = PJ73UNUK64;
				INFOPLIST_FILE = KhataApp/Info.plist;
				LD_RUNPATH_SEARCH_PATHS = "$(inherited) @executable_path/Frameworks";
				PRODUCT_BUNDLE_IDENTIFIER = com.anc.KhataApp;
				PRODUCT_NAME = "$(TARGET_NAME)";
				SWIFT_VERSION = 4.2;
				TARGETED_DEVICE_FAMILY = "1,2";
			};
			name = Release;
		};
/* End XCBuildConfiguration section */

/* Begin XCConfigurationList section */
		BACE889D216667E9002640CE /* Build configuration list for PBXProject "KhataApp" */ = {
			isa = XCConfigurationList;
			buildConfigurations = (
				BACE88B2216667EA002640CE /* Debug */,
				BACE88B3216667EA002640CE /* Release */,
			);
			defaultConfigurationIsVisible = 0;
			defaultConfigurationName = Release;
		};
		BACE88B4216667EA002640CE /* Build configuration list for PBXNativeTarget "KhataApp" */ = {
			isa = XCConfigurationList;
			buildConfigurations = (
				BACE88B5216667EA002640CE /* Debug */,
				BACE88B6216667EA002640CE /* Release */,
			);
			defaultConfigurationIsVisible = 0;
			defaultConfigurationName = Release;
		};
/* End XCConfigurationList section */
	};
	rootObject = BACE889A216667E9002640CE /* Project object */;
}
